// !$*UTF8*$!
{
	archiveVersion = 1;
	classes = {
	};
	objectVersion = 50;
	objects = {

/* Begin PBXBuildFile section */
		0319A53D226DF10900633578 /* PetViewController.m in Sources */ = {isa = PBXBuildFile; fileRef = 0319A53C226DF10900633578 /* PetViewController.m */; };
		0319A540226E568F00633578 /* checked.png in Resources */ = {isa = PBXBuildFile; fileRef = 0319A53E226E568F00633578 /* checked.png */; };
		0319A541226E568F00633578 /* unchecked.png in Resources */ = {isa = PBXBuildFile; fileRef = 0319A53F226E568F00633578 /* unchecked.png */; };
		0319A709226E5CA600633578 /* FSCalendarCalculator.m in Sources */ = {isa = PBXBuildFile; fileRef = 0319A703226E5CA500633578 /* FSCalendarCalculator.m */; };
		0319A70A226E5CA600633578 /* FSCalendarDelegationProxy.m in Sources */ = {isa = PBXBuildFile; fileRef = 0319A6ED226E5CA100633578 /* FSCalendarDelegationProxy.m */; };
		0319A70B226E5CA600633578 /* FSCalendarCollectionViewLayout.m in Sources */ = {isa = PBXBuildFile; fileRef = 0319A6E9226E5CA000633578 /* FSCalendarCollectionViewLayout.m */; };
		0319A70C226E5CA600633578 /* FSCalendarStickyHeader.m in Sources */ = {isa = PBXBuildFile; fileRef = 0319A702226E5CA500633578 /* FSCalendarStickyHeader.m */; };
		0319A70D226E5CA600633578 /* FSCalendarTransitionCoordinator.m in Sources */ = {isa = PBXBuildFile; fileRef = 0319A706226E5CA600633578 /* FSCalendarTransitionCoordinator.m */; };
		0319A70E226E5CA600633578 /* FSCalendarConstants.m in Sources */ = {isa = PBXBuildFile; fileRef = 0319A6EE226E5CA100633578 /* FSCalendarConstants.m */; };
		0319A70F226E5CA600633578 /* FSCalendarDelegationFactory.m in Sources */ = {isa = PBXBuildFile; fileRef = 0319A6FF226E5CA400633578 /* FSCalendarDelegationFactory.m */; };
		0319A710226E5CA600633578 /* FSCalendarHeaderView.m in Sources */ = {isa = PBXBuildFile; fileRef = 0319A6FC226E5CA400633578 /* FSCalendarHeaderView.m */; };
		0319A711226E5CA600633578 /* FSCalendarCell.m in Sources */ = {isa = PBXBuildFile; fileRef = 0319A707226E5CA600633578 /* FSCalendarCell.m */; };
		0319A712226E5CA600633578 /* FSCalendarWeekdayView.m in Sources */ = {isa = PBXBuildFile; fileRef = 0319A6FB226E5CA400633578 /* FSCalendarWeekdayView.m */; };
		0319A713226E5CA600633578 /* FSCalendarAppearance.m in Sources */ = {isa = PBXBuildFile; fileRef = 0319A6F1226E5CA200633578 /* FSCalendarAppearance.m */; };
		0319A714226E5CA600633578 /* FSCalendarExtensions.m in Sources */ = {isa = PBXBuildFile; fileRef = 0319A6F8226E5CA300633578 /* FSCalendarExtensions.m */; };
		0319A715226E5CA600633578 /* FSCalendarCollectionView.m in Sources */ = {isa = PBXBuildFile; fileRef = 0319A6FE226E5CA400633578 /* FSCalendarCollectionView.m */; };
		0319A716226E5CA600633578 /* FSCalendar.m in Sources */ = {isa = PBXBuildFile; fileRef = 0319A6F2226E5CA200633578 /* FSCalendar.m */; };
		0319A717226E5CA600633578 /* FSCalendarSeparatorDecorationView.m in Sources */ = {isa = PBXBuildFile; fileRef = 0319A708226E5CA600633578 /* FSCalendarSeparatorDecorationView.m */; };
		035B3D6B225D74AB001AB576 /* AppDelegate.m in Sources */ = {isa = PBXBuildFile; fileRef = 035B3D6A225D74AB001AB576 /* AppDelegate.m */; };
		035B3D6E225D74AB001AB576 /* ViewController.m in Sources */ = {isa = PBXBuildFile; fileRef = 035B3D6D225D74AB001AB576 /* ViewController.m */; };
		035B3D71225D74AB001AB576 /* Main.storyboard in Resources */ = {isa = PBXBuildFile; fileRef = 035B3D6F225D74AB001AB576 /* Main.storyboard */; };
		035B3D73225D74AD001AB576 /* Assets.xcassets in Resources */ = {isa = PBXBuildFile; fileRef = 035B3D72225D74AD001AB576 /* Assets.xcassets */; };
		035B3D76225D74AD001AB576 /* LaunchScreen.storyboard in Resources */ = {isa = PBXBuildFile; fileRef = 035B3D74225D74AD001AB576 /* LaunchScreen.storyboard */; };
		035B3D79225D74AD001AB576 /* main.m in Sources */ = {isa = PBXBuildFile; fileRef = 035B3D78225D74AD001AB576 /* main.m */; };
		035B3D83225D74AE001AB576 /* Planner_PetTests.m in Sources */ = {isa = PBXBuildFile; fileRef = 035B3D82225D74AE001AB576 /* Planner_PetTests.m */; };
		035B3D8E225D74AE001AB576 /* Planner_PetUITests.m in Sources */ = {isa = PBXBuildFile; fileRef = 035B3D8D225D74AE001AB576 /* Planner_PetUITests.m */; };
		4630921922614BBA00CAC5B2 /* Model.xcdatamodeld in Sources */ = {isa = PBXBuildFile; fileRef = 4630921722614BBA00CAC5B2 /* Model.xcdatamodeld */; };
		4630925D22614DF800CAC5B2 /* CoreData.framework in Frameworks */ = {isa = PBXBuildFile; fileRef = 4630925C22614DF800CAC5B2 /* CoreData.framework */; };
		46309266226159DF00CAC5B2 /* Create_Task_VC.m in Sources */ = {isa = PBXBuildFile; fileRef = 46309265226159DF00CAC5B2 /* Create_Task_VC.m */; };
		4630926B2268C2A900CAC5B2 /* Task_VC.m in Sources */ = {isa = PBXBuildFile; fileRef = 4630926A2268C2A900CAC5B2 /* Task_VC.m */; };
/* End PBXBuildFile section */

/* Begin PBXContainerItemProxy section */
		035B3D7F225D74AE001AB576 /* PBXContainerItemProxy */ = {
			isa = PBXContainerItemProxy;
			containerPortal = 035B3D5E225D74AB001AB576 /* Project object */;
			proxyType = 1;
			remoteGlobalIDString = 035B3D65225D74AB001AB576;
			remoteInfo = "Planner Pet";
		};
		035B3D8A225D74AE001AB576 /* PBXContainerItemProxy */ = {
			isa = PBXContainerItemProxy;
			containerPortal = 035B3D5E225D74AB001AB576 /* Project object */;
			proxyType = 1;
			remoteGlobalIDString = 035B3D65225D74AB001AB576;
			remoteInfo = "Planner Pet";
		};
/* End PBXContainerItemProxy section */

/* Begin PBXFileReference section */
		0319A53B226DF10900633578 /* PetViewController.h */ = {isa = PBXFileReference; lastKnownFileType = sourcecode.c.h; path = PetViewController.h; sourceTree = "<group>"; };
		0319A53C226DF10900633578 /* PetViewController.m */ = {isa = PBXFileReference; lastKnownFileType = sourcecode.c.objc; path = PetViewController.m; sourceTree = "<group>"; };
		0319A53E226E568F00633578 /* checked.png */ = {isa = PBXFileReference; lastKnownFileType = image.png; path = checked.png; sourceTree = "<group>"; };
		0319A53F226E568F00633578 /* unchecked.png */ = {isa = PBXFileReference; lastKnownFileType = image.png; path = unchecked.png; sourceTree = "<group>"; };
		0319A6E9226E5CA000633578 /* FSCalendarCollectionViewLayout.m */ = {isa = PBXFileReference; lastKnownFileType = sourcecode.c.objc; path = FSCalendarCollectionViewLayout.m; sourceTree = "<group>"; };
		0319A6EA226E5CA100633578 /* FSCalendarHeaderView.h */ = {isa = PBXFileReference; lastKnownFileType = sourcecode.c.h; path = FSCalendarHeaderView.h; sourceTree = "<group>"; };
		0319A6EB226E5CA100633578 /* FSCalendarDynamicHeader.h */ = {isa = PBXFileReference; lastKnownFileType = sourcecode.c.h; path = FSCalendarDynamicHeader.h; sourceTree = "<group>"; };
		0319A6EC226E5CA100633578 /* FSCalendarExtensions.h */ = {isa = PBXFileReference; lastKnownFileType = sourcecode.c.h; path = FSCalendarExtensions.h; sourceTree = "<group>"; };
		0319A6ED226E5CA100633578 /* FSCalendarDelegationProxy.m */ = {isa = PBXFileReference; lastKnownFileType = sourcecode.c.objc; path = FSCalendarDelegationProxy.m; sourceTree = "<group>"; };
		0319A6EE226E5CA100633578 /* FSCalendarConstants.m */ = {isa = PBXFileReference; lastKnownFileType = sourcecode.c.objc; path = FSCalendarConstants.m; sourceTree = "<group>"; };
		0319A6EF226E5CA200633578 /* Info.plist */ = {isa = PBXFileReference; lastKnownFileType = text.plist.xml; name = Info.plist; path = FSCalendar/FSCalendar/Info.plist; sourceTree = "<group>"; };
		0319A6F0226E5CA200633578 /* FSCalendarTransitionCoordinator.h */ = {isa = PBXFileReference; lastKnownFileType = sourcecode.c.h; path = FSCalendarTransitionCoordinator.h; sourceTree = "<group>"; };
		0319A6F1226E5CA200633578 /* FSCalendarAppearance.m */ = {isa = PBXFileReference; lastKnownFileType = sourcecode.c.objc; path = FSCalendarAppearance.m; sourceTree = "<group>"; };
		0319A6F2226E5CA200633578 /* FSCalendar.m */ = {isa = PBXFileReference; lastKnownFileType = sourcecode.c.objc; path = FSCalendar.m; sourceTree = "<group>"; };
		0319A6F3226E5CA200633578 /* FSCalendarConstants.h */ = {isa = PBXFileReference; lastKnownFileType = sourcecode.c.h; path = FSCalendarConstants.h; sourceTree = "<group>"; };
		0319A6F4226E5CA300633578 /* FSCalendarCalculator.h */ = {isa = PBXFileReference; lastKnownFileType = sourcecode.c.h; path = FSCalendarCalculator.h; sourceTree = "<group>"; };
		0319A6F5226E5CA300633578 /* FSCalendarCollectionView.h */ = {isa = PBXFileReference; lastKnownFileType = sourcecode.c.h; path = FSCalendarCollectionView.h; sourceTree = "<group>"; };
		0319A6F6226E5CA300633578 /* FSCalendarStickyHeader.h */ = {isa = PBXFileReference; lastKnownFileType = sourcecode.c.h; path = FSCalendarStickyHeader.h; sourceTree = "<group>"; };
		0319A6F7226E5CA300633578 /* FSCalendarCell.h */ = {isa = PBXFileReference; lastKnownFileType = sourcecode.c.h; path = FSCalendarCell.h; sourceTree = "<group>"; };
		0319A6F8226E5CA300633578 /* FSCalendarExtensions.m */ = {isa = PBXFileReference; lastKnownFileType = sourcecode.c.objc; path = FSCalendarExtensions.m; sourceTree = "<group>"; };
		0319A6F9226E5CA300633578 /* FSCalendarAppearance.h */ = {isa = PBXFileReference; lastKnownFileType = sourcecode.c.h; path = FSCalendarAppearance.h; sourceTree = "<group>"; };
		0319A6FA226E5CA400633578 /* FSCalendar.h */ = {isa = PBXFileReference; lastKnownFileType = sourcecode.c.h; path = FSCalendar.h; sourceTree = "<group>"; };
		0319A6FB226E5CA400633578 /* FSCalendarWeekdayView.m */ = {isa = PBXFileReference; lastKnownFileType = sourcecode.c.objc; path = FSCalendarWeekdayView.m; sourceTree = "<group>"; };
		0319A6FC226E5CA400633578 /* FSCalendarHeaderView.m */ = {isa = PBXFileReference; lastKnownFileType = sourcecode.c.objc; path = FSCalendarHeaderView.m; sourceTree = "<group>"; };
		0319A6FD226E5CA400633578 /* FSCalendarWeekdayView.h */ = {isa = PBXFileReference; lastKnownFileType = sourcecode.c.h; path = FSCalendarWeekdayView.h; sourceTree = "<group>"; };
		0319A6FE226E5CA400633578 /* FSCalendarCollectionView.m */ = {isa = PBXFileReference; lastKnownFileType = sourcecode.c.objc; path = FSCalendarCollectionView.m; sourceTree = "<group>"; };
		0319A6FF226E5CA400633578 /* FSCalendarDelegationFactory.m */ = {isa = PBXFileReference; lastKnownFileType = sourcecode.c.objc; path = FSCalendarDelegationFactory.m; sourceTree = "<group>"; };
		0319A700226E5CA500633578 /* FSCalendarCollectionViewLayout.h */ = {isa = PBXFileReference; lastKnownFileType = sourcecode.c.h; path = FSCalendarCollectionViewLayout.h; sourceTree = "<group>"; };
		0319A701226E5CA500633578 /* FSCalendarDelegationProxy.h */ = {isa = PBXFileReference; lastKnownFileType = sourcecode.c.h; path = FSCalendarDelegationProxy.h; sourceTree = "<group>"; };
		0319A702226E5CA500633578 /* FSCalendarStickyHeader.m */ = {isa = PBXFileReference; lastKnownFileType = sourcecode.c.objc; path = FSCalendarStickyHeader.m; sourceTree = "<group>"; };
		0319A703226E5CA500633578 /* FSCalendarCalculator.m */ = {isa = PBXFileReference; lastKnownFileType = sourcecode.c.objc; path = FSCalendarCalculator.m; sourceTree = "<group>"; };
		0319A704226E5CA500633578 /* FSCalendarSeparatorDecorationView.h */ = {isa = PBXFileReference; lastKnownFileType = sourcecode.c.h; path = FSCalendarSeparatorDecorationView.h; sourceTree = "<group>"; };
		0319A705226E5CA500633578 /* FSCalendarDelegationFactory.h */ = {isa = PBXFileReference; lastKnownFileType = sourcecode.c.h; path = FSCalendarDelegationFactory.h; sourceTree = "<group>"; };
		0319A706226E5CA600633578 /* FSCalendarTransitionCoordinator.m */ = {isa = PBXFileReference; lastKnownFileType = sourcecode.c.objc; path = FSCalendarTransitionCoordinator.m; sourceTree = "<group>"; };
		0319A707226E5CA600633578 /* FSCalendarCell.m */ = {isa = PBXFileReference; lastKnownFileType = sourcecode.c.objc; path = FSCalendarCell.m; sourceTree = "<group>"; };
		0319A708226E5CA600633578 /* FSCalendarSeparatorDecorationView.m */ = {isa = PBXFileReference; lastKnownFileType = sourcecode.c.objc; path = FSCalendarSeparatorDecorationView.m; sourceTree = "<group>"; };
		031E2F062262E1D60090A135 /* FSCalendar.framework */ = {isa = PBXFileReference; lastKnownFileType = wrapper.framework; name = FSCalendar.framework; path = Carthage/Build/iOS/FSCalendar.framework; sourceTree = "<group>"; };
		035B3D66225D74AB001AB576 /* Planner Pet.app */ = {isa = PBXFileReference; explicitFileType = wrapper.application; includeInIndex = 0; path = "Planner Pet.app"; sourceTree = BUILT_PRODUCTS_DIR; };
		035B3D69225D74AB001AB576 /* AppDelegate.h */ = {isa = PBXFileReference; lastKnownFileType = sourcecode.c.h; path = AppDelegate.h; sourceTree = "<group>"; };
		035B3D6A225D74AB001AB576 /* AppDelegate.m */ = {isa = PBXFileReference; lastKnownFileType = sourcecode.c.objc; path = AppDelegate.m; sourceTree = "<group>"; };
		035B3D6C225D74AB001AB576 /* ViewController.h */ = {isa = PBXFileReference; lastKnownFileType = sourcecode.c.h; path = ViewController.h; sourceTree = "<group>"; };
		035B3D6D225D74AB001AB576 /* ViewController.m */ = {isa = PBXFileReference; lastKnownFileType = sourcecode.c.objc; path = ViewController.m; sourceTree = "<group>"; };
		035B3D70225D74AB001AB576 /* Base */ = {isa = PBXFileReference; lastKnownFileType = file.storyboard; name = Base; path = Base.lproj/Main.storyboard; sourceTree = "<group>"; };
		035B3D72225D74AD001AB576 /* Assets.xcassets */ = {isa = PBXFileReference; lastKnownFileType = folder.assetcatalog; path = Assets.xcassets; sourceTree = "<group>"; };
		035B3D75225D74AD001AB576 /* Base */ = {isa = PBXFileReference; lastKnownFileType = file.storyboard; name = Base; path = Base.lproj/LaunchScreen.storyboard; sourceTree = "<group>"; };
		035B3D77225D74AD001AB576 /* Info.plist */ = {isa = PBXFileReference; lastKnownFileType = text.plist.xml; path = Info.plist; sourceTree = "<group>"; };
		035B3D78225D74AD001AB576 /* main.m */ = {isa = PBXFileReference; lastKnownFileType = sourcecode.c.objc; path = main.m; sourceTree = "<group>"; };
		035B3D7E225D74AE001AB576 /* Planner PetTests.xctest */ = {isa = PBXFileReference; explicitFileType = wrapper.cfbundle; includeInIndex = 0; path = "Planner PetTests.xctest"; sourceTree = BUILT_PRODUCTS_DIR; };
		035B3D82225D74AE001AB576 /* Planner_PetTests.m */ = {isa = PBXFileReference; lastKnownFileType = sourcecode.c.objc; path = Planner_PetTests.m; sourceTree = "<group>"; };
		035B3D84225D74AE001AB576 /* Info.plist */ = {isa = PBXFileReference; lastKnownFileType = text.plist.xml; path = Info.plist; sourceTree = "<group>"; };
		035B3D89225D74AE001AB576 /* Planner PetUITests.xctest */ = {isa = PBXFileReference; explicitFileType = wrapper.cfbundle; includeInIndex = 0; path = "Planner PetUITests.xctest"; sourceTree = BUILT_PRODUCTS_DIR; };
		035B3D8D225D74AE001AB576 /* Planner_PetUITests.m */ = {isa = PBXFileReference; lastKnownFileType = sourcecode.c.objc; path = Planner_PetUITests.m; sourceTree = "<group>"; };
		035B3D8F225D74AE001AB576 /* Info.plist */ = {isa = PBXFileReference; lastKnownFileType = text.plist.xml; path = Info.plist; sourceTree = "<group>"; };
		4630921422613D8600CAC5B2 /* Task.h */ = {isa = PBXFileReference; lastKnownFileType = sourcecode.c.h; path = Task.h; sourceTree = "<group>"; };
		4630921522613D8600CAC5B2 /* Task.m */ = {isa = PBXFileReference; lastKnownFileType = sourcecode.c.objc; path = Task.m; sourceTree = "<group>"; };
		4630921822614BBA00CAC5B2 /* Model.xcdatamodel */ = {isa = PBXFileReference; lastKnownFileType = wrapper.xcdatamodel; path = Model.xcdatamodel; sourceTree = "<group>"; };
		4630925C22614DF800CAC5B2 /* CoreData.framework */ = {isa = PBXFileReference; lastKnownFileType = wrapper.framework; name = CoreData.framework; path = System/Library/Frameworks/CoreData.framework; sourceTree = SDKROOT; };
		4630925E2261524500CAC5B2 /* Task+CoreDataProperties.h */ = {isa = PBXFileReference; lastKnownFileType = sourcecode.c.h; path = "Task+CoreDataProperties.h"; sourceTree = "<group>"; };
		4630925F2261524500CAC5B2 /* Task+CoreDataClass.h */ = {isa = PBXFileReference; lastKnownFileType = sourcecode.c.h; path = "Task+CoreDataClass.h"; sourceTree = "<group>"; };
		463092602261524500CAC5B2 /* Task+CoreDataClass.m */ = {isa = PBXFileReference; lastKnownFileType = sourcecode.c.objc; path = "Task+CoreDataClass.m"; sourceTree = "<group>"; };
		463092612261524500CAC5B2 /* Task+CoreDataProperties.m */ = {isa = PBXFileReference; lastKnownFileType = sourcecode.c.objc; path = "Task+CoreDataProperties.m"; sourceTree = "<group>"; };
		46309264226159DF00CAC5B2 /* Create_Task_VC.h */ = {isa = PBXFileReference; lastKnownFileType = sourcecode.c.h; path = Create_Task_VC.h; sourceTree = "<group>"; };
		46309265226159DF00CAC5B2 /* Create_Task_VC.m */ = {isa = PBXFileReference; lastKnownFileType = sourcecode.c.objc; path = Create_Task_VC.m; sourceTree = "<group>"; };
		463092692268C2A900CAC5B2 /* Task_VC.h */ = {isa = PBXFileReference; lastKnownFileType = sourcecode.c.h; path = Task_VC.h; sourceTree = "<group>"; };
		4630926A2268C2A900CAC5B2 /* Task_VC.m */ = {isa = PBXFileReference; lastKnownFileType = sourcecode.c.objc; path = Task_VC.m; sourceTree = "<group>"; };
/* End PBXFileReference section */

/* Begin PBXFrameworksBuildPhase section */
		035B3D63225D74AB001AB576 /* Frameworks */ = {
			isa = PBXFrameworksBuildPhase;
			buildActionMask = 2147483647;
			files = (
				4630925D22614DF800CAC5B2 /* CoreData.framework in Frameworks */,
			);
			runOnlyForDeploymentPostprocessing = 0;
		};
		035B3D7B225D74AE001AB576 /* Frameworks */ = {
			isa = PBXFrameworksBuildPhase;
			buildActionMask = 2147483647;
			files = (
			);
			runOnlyForDeploymentPostprocessing = 0;
		};
		035B3D86225D74AE001AB576 /* Frameworks */ = {
			isa = PBXFrameworksBuildPhase;
			buildActionMask = 2147483647;
			files = (
			);
			runOnlyForDeploymentPostprocessing = 0;
		};
/* End PBXFrameworksBuildPhase section */

/* Begin PBXGroup section */
		035B3D5D225D74AB001AB576 = {
			isa = PBXGroup;
			children = (
				4630925E2261524500CAC5B2 /* Task+CoreDataProperties.h */,
				4630925F2261524500CAC5B2 /* Task+CoreDataClass.h */,
				463092602261524500CAC5B2 /* Task+CoreDataClass.m */,
				463092612261524500CAC5B2 /* Task+CoreDataProperties.m */,
				4630921722614BBA00CAC5B2 /* Model.xcdatamodeld */,
				035B3D68225D74AB001AB576 /* Planner Pet */,
				035B3D81225D74AE001AB576 /* Planner PetTests */,
				035B3D8C225D74AE001AB576 /* Planner PetUITests */,
				035B3D67225D74AB001AB576 /* Products */,
				4630925B22614DF700CAC5B2 /* Frameworks */,
			);
			sourceTree = "<group>";
		};
		035B3D67225D74AB001AB576 /* Products */ = {
			isa = PBXGroup;
			children = (
				035B3D66225D74AB001AB576 /* Planner Pet.app */,
				035B3D7E225D74AE001AB576 /* Planner PetTests.xctest */,
				035B3D89225D74AE001AB576 /* Planner PetUITests.xctest */,
			);
			name = Products;
			sourceTree = "<group>";
		};
		035B3D68225D74AB001AB576 /* Planner Pet */ = {
			isa = PBXGroup;
			children = (
				0319A6FE226E5CA400633578 /* FSCalendarCollectionView.m */,
				0319A6FD226E5CA400633578 /* FSCalendarWeekdayView.h */,
				0319A700226E5CA500633578 /* FSCalendarCollectionViewLayout.h */,
				0319A6ED226E5CA100633578 /* FSCalendarDelegationProxy.m */,
				0319A6EC226E5CA100633578 /* FSCalendarExtensions.h */,
				0319A6FF226E5CA400633578 /* FSCalendarDelegationFactory.m */,
				0319A704226E5CA500633578 /* FSCalendarSeparatorDecorationView.h */,
				0319A6F4226E5CA300633578 /* FSCalendarCalculator.h */,
				0319A6EA226E5CA100633578 /* FSCalendarHeaderView.h */,
				0319A6F3226E5CA200633578 /* FSCalendarConstants.h */,
				0319A6F9226E5CA300633578 /* FSCalendarAppearance.h */,
				0319A6F0226E5CA200633578 /* FSCalendarTransitionCoordinator.h */,
				0319A707226E5CA600633578 /* FSCalendarCell.m */,
				0319A702226E5CA500633578 /* FSCalendarStickyHeader.m */,
				0319A6F2226E5CA200633578 /* FSCalendar.m */,
				0319A6E9226E5CA000633578 /* FSCalendarCollectionViewLayout.m */,
				0319A6FB226E5CA400633578 /* FSCalendarWeekdayView.m */,
				0319A6F5226E5CA300633578 /* FSCalendarCollectionView.h */,
				0319A6EB226E5CA100633578 /* FSCalendarDynamicHeader.h */,
				0319A708226E5CA600633578 /* FSCalendarSeparatorDecorationView.m */,
				0319A705226E5CA500633578 /* FSCalendarDelegationFactory.h */,
				0319A6F8226E5CA300633578 /* FSCalendarExtensions.m */,
				0319A701226E5CA500633578 /* FSCalendarDelegationProxy.h */,
				0319A6EE226E5CA100633578 /* FSCalendarConstants.m */,
				0319A703226E5CA500633578 /* FSCalendarCalculator.m */,
				0319A6FC226E5CA400633578 /* FSCalendarHeaderView.m */,
				0319A6F6226E5CA300633578 /* FSCalendarStickyHeader.h */,
				0319A6FA226E5CA400633578 /* FSCalendar.h */,
				0319A6F7226E5CA300633578 /* FSCalendarCell.h */,
				0319A706226E5CA600633578 /* FSCalendarTransitionCoordinator.m */,
				0319A6EF226E5CA200633578 /* Info.plist */,
				0319A6F1226E5CA200633578 /* FSCalendarAppearance.m */,
				0319A53E226E568F00633578 /* checked.png */,
				0319A53F226E568F00633578 /* unchecked.png */,
				0319A53B226DF10900633578 /* PetViewController.h */,
				0319A53C226DF10900633578 /* PetViewController.m */,
				035B3D69225D74AB001AB576 /* AppDelegate.h */,
				035B3D6A225D74AB001AB576 /* AppDelegate.m */,
				035B3D6C225D74AB001AB576 /* ViewController.h */,
				035B3D6D225D74AB001AB576 /* ViewController.m */,
				463092692268C2A900CAC5B2 /* Task_VC.h */,
				4630926A2268C2A900CAC5B2 /* Task_VC.m */,
				46309264226159DF00CAC5B2 /* Create_Task_VC.h */,
				46309265226159DF00CAC5B2 /* Create_Task_VC.m */,
				035B3D6F225D74AB001AB576 /* Main.storyboard */,
				035B3D72225D74AD001AB576 /* Assets.xcassets */,
				4630921422613D8600CAC5B2 /* Task.h */,
				4630921522613D8600CAC5B2 /* Task.m */,
				035B3D74225D74AD001AB576 /* LaunchScreen.storyboard */,
				035B3D77225D74AD001AB576 /* Info.plist */,
				035B3D78225D74AD001AB576 /* main.m */,
			);
			path = "Planner Pet";
			sourceTree = "<group>";
		};
		035B3D81225D74AE001AB576 /* Planner PetTests */ = {
			isa = PBXGroup;
			children = (
				035B3D82225D74AE001AB576 /* Planner_PetTests.m */,
				035B3D84225D74AE001AB576 /* Info.plist */,
			);
			path = "Planner PetTests";
			sourceTree = "<group>";
		};
		035B3D8C225D74AE001AB576 /* Planner PetUITests */ = {
			isa = PBXGroup;
			children = (
				035B3D8D225D74AE001AB576 /* Planner_PetUITests.m */,
				035B3D8F225D74AE001AB576 /* Info.plist */,
			);
			path = "Planner PetUITests";
			sourceTree = "<group>";
		};
		4630925B22614DF700CAC5B2 /* Frameworks */ = {
			isa = PBXGroup;
			children = (
				031E2F062262E1D60090A135 /* FSCalendar.framework */,
				4630925C22614DF800CAC5B2 /* CoreData.framework */,
			);
			name = Frameworks;
			sourceTree = "<group>";
		};
/* End PBXGroup section */

/* Begin PBXNativeTarget section */
		035B3D65225D74AB001AB576 /* Planner Pet */ = {
			isa = PBXNativeTarget;
			buildConfigurationList = 035B3D92225D74AE001AB576 /* Build configuration list for PBXNativeTarget "Planner Pet" */;
			buildPhases = (
				035B3D62225D74AB001AB576 /* Sources */,
				035B3D63225D74AB001AB576 /* Frameworks */,
				035B3D64225D74AB001AB576 /* Resources */,
				46309268226670AC00CAC5B2 /* ShellScript */,
			);
			buildRules = (
			);
			dependencies = (
			);
			name = "Planner Pet";
			productName = "Planner Pet";
			productReference = 035B3D66225D74AB001AB576 /* Planner Pet.app */;
			productType = "com.apple.product-type.application";
		};
		035B3D7D225D74AE001AB576 /* Planner PetTests */ = {
			isa = PBXNativeTarget;
			buildConfigurationList = 035B3D95225D74AE001AB576 /* Build configuration list for PBXNativeTarget "Planner PetTests" */;
			buildPhases = (
				035B3D7A225D74AE001AB576 /* Sources */,
				035B3D7B225D74AE001AB576 /* Frameworks */,
				035B3D7C225D74AE001AB576 /* Resources */,
			);
			buildRules = (
			);
			dependencies = (
				035B3D80225D74AE001AB576 /* PBXTargetDependency */,
			);
			name = "Planner PetTests";
			productName = "Planner PetTests";
			productReference = 035B3D7E225D74AE001AB576 /* Planner PetTests.xctest */;
			productType = "com.apple.product-type.bundle.unit-test";
		};
		035B3D88225D74AE001AB576 /* Planner PetUITests */ = {
			isa = PBXNativeTarget;
			buildConfigurationList = 035B3D98225D74AE001AB576 /* Build configuration list for PBXNativeTarget "Planner PetUITests" */;
			buildPhases = (
				035B3D85225D74AE001AB576 /* Sources */,
				035B3D86225D74AE001AB576 /* Frameworks */,
				035B3D87225D74AE001AB576 /* Resources */,
			);
			buildRules = (
			);
			dependencies = (
				035B3D8B225D74AE001AB576 /* PBXTargetDependency */,
			);
			name = "Planner PetUITests";
			productName = "Planner PetUITests";
			productReference = 035B3D89225D74AE001AB576 /* Planner PetUITests.xctest */;
			productType = "com.apple.product-type.bundle.ui-testing";
		};
/* End PBXNativeTarget section */

/* Begin PBXProject section */
		035B3D5E225D74AB001AB576 /* Project object */ = {
			isa = PBXProject;
			attributes = {
				LastUpgradeCheck = 1020;
				ORGANIZATIONNAME = "Will Powers";
				TargetAttributes = {
					035B3D65225D74AB001AB576 = {
						CreatedOnToolsVersion = 10.2;
					};
					035B3D7D225D74AE001AB576 = {
						CreatedOnToolsVersion = 10.2;
						TestTargetID = 035B3D65225D74AB001AB576;
					};
					035B3D88225D74AE001AB576 = {
						CreatedOnToolsVersion = 10.2;
						TestTargetID = 035B3D65225D74AB001AB576;
					};
				};
			};
			buildConfigurationList = 035B3D61225D74AB001AB576 /* Build configuration list for PBXProject "Planner Pet" */;
			compatibilityVersion = "Xcode 9.3";
			developmentRegion = en;
			hasScannedForEncodings = 0;
			knownRegions = (
				en,
				Base,
			);
			mainGroup = 035B3D5D225D74AB001AB576;
			productRefGroup = 035B3D67225D74AB001AB576 /* Products */;
			projectDirPath = "";
			projectRoot = "";
			targets = (
				035B3D65225D74AB001AB576 /* Planner Pet */,
				035B3D7D225D74AE001AB576 /* Planner PetTests */,
				035B3D88225D74AE001AB576 /* Planner PetUITests */,
			);
		};
/* End PBXProject section */

/* Begin PBXResourcesBuildPhase section */
		035B3D64225D74AB001AB576 /* Resources */ = {
			isa = PBXResourcesBuildPhase;
			buildActionMask = 2147483647;
			files = (
				035B3D76225D74AD001AB576 /* LaunchScreen.storyboard in Resources */,
				035B3D73225D74AD001AB576 /* Assets.xcassets in Resources */,
				0319A540226E568F00633578 /* checked.png in Resources */,
				035B3D71225D74AB001AB576 /* Main.storyboard in Resources */,
				0319A541226E568F00633578 /* unchecked.png in Resources */,
			);
			runOnlyForDeploymentPostprocessing = 0;
		};
		035B3D7C225D74AE001AB576 /* Resources */ = {
			isa = PBXResourcesBuildPhase;
			buildActionMask = 2147483647;
			files = (
			);
			runOnlyForDeploymentPostprocessing = 0;
		};
		035B3D87225D74AE001AB576 /* Resources */ = {
			isa = PBXResourcesBuildPhase;
			buildActionMask = 2147483647;
			files = (
			);
			runOnlyForDeploymentPostprocessing = 0;
		};
/* End PBXResourcesBuildPhase section */

/* Begin PBXShellScriptBuildPhase section */
		46309268226670AC00CAC5B2 /* ShellScript */ = {
			isa = PBXShellScriptBuildPhase;
			buildActionMask = 2147483647;
			files = (
			);
			inputFileListPaths = (
			);
			inputPaths = (
			);
			outputFileListPaths = (
			);
			outputPaths = (
			);
			runOnlyForDeploymentPostprocessing = 0;
			shellScript = "
";
		};
/* End PBXShellScriptBuildPhase section */

/* Begin PBXSourcesBuildPhase section */
		035B3D62225D74AB001AB576 /* Sources */ = {
			isa = PBXSourcesBuildPhase;
			buildActionMask = 2147483647;
			files = (
				46309266226159DF00CAC5B2 /* Create_Task_VC.m in Sources */,
				0319A710226E5CA600633578 /* FSCalendarHeaderView.m in Sources */,
				0319A70F226E5CA600633578 /* FSCalendarDelegationFactory.m in Sources */,
				035B3D6E225D74AB001AB576 /* ViewController.m in Sources */,
				4630926B2268C2A900CAC5B2 /* Task_VC.m in Sources */,
				0319A712226E5CA600633578 /* FSCalendarWeekdayView.m in Sources */,
				4630921922614BBA00CAC5B2 /* Model.xcdatamodeld in Sources */,
				0319A715226E5CA600633578 /* FSCalendarCollectionView.m in Sources */,
				0319A716226E5CA600633578 /* FSCalendar.m in Sources */,
				0319A70C226E5CA600633578 /* FSCalendarStickyHeader.m in Sources */,
				0319A70E226E5CA600633578 /* FSCalendarConstants.m in Sources */,
				0319A53D226DF10900633578 /* PetViewController.m in Sources */,
				035B3D79225D74AD001AB576 /* main.m in Sources */,
				0319A717226E5CA600633578 /* FSCalendarSeparatorDecorationView.m in Sources */,
				0319A70A226E5CA600633578 /* FSCalendarDelegationProxy.m in Sources */,
				0319A714226E5CA600633578 /* FSCalendarExtensions.m in Sources */,
				0319A713226E5CA600633578 /* FSCalendarAppearance.m in Sources */,
				0319A709226E5CA600633578 /* FSCalendarCalculator.m in Sources */,
				0319A70B226E5CA600633578 /* FSCalendarCollectionViewLayout.m in Sources */,
				0319A70D226E5CA600633578 /* FSCalendarTransitionCoordinator.m in Sources */,
				0319A711226E5CA600633578 /* FSCalendarCell.m in Sources */,
				035B3D6B225D74AB001AB576 /* AppDelegate.m in Sources */,
			);
			runOnlyForDeploymentPostprocessing = 0;
		};
		035B3D7A225D74AE001AB576 /* Sources */ = {
			isa = PBXSourcesBuildPhase;
			buildActionMask = 2147483647;
			files = (
				035B3D83225D74AE001AB576 /* Planner_PetTests.m in Sources */,
			);
			runOnlyForDeploymentPostprocessing = 0;
		};
		035B3D85225D74AE001AB576 /* Sources */ = {
			isa = PBXSourcesBuildPhase;
			buildActionMask = 2147483647;
			files = (
				035B3D8E225D74AE001AB576 /* Planner_PetUITests.m in Sources */,
			);
			runOnlyForDeploymentPostprocessing = 0;
		};
/* End PBXSourcesBuildPhase section */

/* Begin PBXTargetDependency section */
		035B3D80225D74AE001AB576 /* PBXTargetDependency */ = {
			isa = PBXTargetDependency;
			target = 035B3D65225D74AB001AB576 /* Planner Pet */;
			targetProxy = 035B3D7F225D74AE001AB576 /* PBXContainerItemProxy */;
		};
		035B3D8B225D74AE001AB576 /* PBXTargetDependency */ = {
			isa = PBXTargetDependency;
			target = 035B3D65225D74AB001AB576 /* Planner Pet */;
			targetProxy = 035B3D8A225D74AE001AB576 /* PBXContainerItemProxy */;
		};
/* End PBXTargetDependency section */

/* Begin PBXVariantGroup section */
		035B3D6F225D74AB001AB576 /* Main.storyboard */ = {
			isa = PBXVariantGroup;
			children = (
				035B3D70225D74AB001AB576 /* Base */,
			);
			name = Main.storyboard;
			sourceTree = "<group>";
		};
		035B3D74225D74AD001AB576 /* LaunchScreen.storyboard */ = {
			isa = PBXVariantGroup;
			children = (
				035B3D75225D74AD001AB576 /* Base */,
			);
			name = LaunchScreen.storyboard;
			sourceTree = "<group>";
		};
/* End PBXVariantGroup section */

/* Begin XCBuildConfiguration section */
		035B3D90225D74AE001AB576 /* Debug */ = {
			isa = XCBuildConfiguration;
			buildSettings = {
				ALWAYS_SEARCH_USER_PATHS = NO;
				CLANG_ANALYZER_NONNULL = YES;
				CLANG_ANALYZER_NUMBER_OBJECT_CONVERSION = YES_AGGRESSIVE;
				CLANG_CXX_LANGUAGE_STANDARD = "gnu++14";
				CLANG_CXX_LIBRARY = "libc++";
				CLANG_ENABLE_MODULES = YES;
				CLANG_ENABLE_OBJC_ARC = YES;
				CLANG_ENABLE_OBJC_WEAK = YES;
				CLANG_WARN_BLOCK_CAPTURE_AUTORELEASING = YES;
				CLANG_WARN_BOOL_CONVERSION = YES;
				CLANG_WARN_COMMA = YES;
				CLANG_WARN_CONSTANT_CONVERSION = YES;
				CLANG_WARN_DEPRECATED_OBJC_IMPLEMENTATIONS = YES;
				CLANG_WARN_DIRECT_OBJC_ISA_USAGE = YES_ERROR;
				CLANG_WARN_DOCUMENTATION_COMMENTS = YES;
				CLANG_WARN_EMPTY_BODY = YES;
				CLANG_WARN_ENUM_CONVERSION = YES;
				CLANG_WARN_INFINITE_RECURSION = YES;
				CLANG_WARN_INT_CONVERSION = YES;
				CLANG_WARN_NON_LITERAL_NULL_CONVERSION = YES;
				CLANG_WARN_OBJC_IMPLICIT_RETAIN_SELF = YES;
				CLANG_WARN_OBJC_LITERAL_CONVERSION = YES;
				CLANG_WARN_OBJC_ROOT_CLASS = YES_ERROR;
				CLANG_WARN_RANGE_LOOP_ANALYSIS = YES;
				CLANG_WARN_STRICT_PROTOTYPES = YES;
				CLANG_WARN_SUSPICIOUS_MOVE = YES;
				CLANG_WARN_UNGUARDED_AVAILABILITY = YES_AGGRESSIVE;
				CLANG_WARN_UNREACHABLE_CODE = YES;
				CLANG_WARN__DUPLICATE_METHOD_MATCH = YES;
				CODE_SIGN_IDENTITY = "iPhone Developer";
				COPY_PHASE_STRIP = NO;
				DEBUG_INFORMATION_FORMAT = dwarf;
				ENABLE_STRICT_OBJC_MSGSEND = YES;
				ENABLE_TESTABILITY = YES;
				GCC_C_LANGUAGE_STANDARD = gnu11;
				GCC_DYNAMIC_NO_PIC = NO;
				GCC_NO_COMMON_BLOCKS = YES;
				GCC_OPTIMIZATION_LEVEL = 0;
				GCC_PREPROCESSOR_DEFINITIONS = (
					"DEBUG=1",
					"$(inherited)",
				);
				GCC_WARN_64_TO_32_BIT_CONVERSION = YES;
				GCC_WARN_ABOUT_RETURN_TYPE = YES_ERROR;
				GCC_WARN_UNDECLARED_SELECTOR = YES;
				GCC_WARN_UNINITIALIZED_AUTOS = YES_AGGRESSIVE;
				GCC_WARN_UNUSED_FUNCTION = YES;
				GCC_WARN_UNUSED_VARIABLE = YES;
				IPHONEOS_DEPLOYMENT_TARGET = 12.2;
				MTL_ENABLE_DEBUG_INFO = INCLUDE_SOURCE;
				MTL_FAST_MATH = YES;
				ONLY_ACTIVE_ARCH = YES;
				SDKROOT = iphoneos;
			};
			name = Debug;
		};
		035B3D91225D74AE001AB576 /* Release */ = {
			isa = XCBuildConfiguration;
			buildSettings = {
				ALWAYS_SEARCH_USER_PATHS = NO;
				CLANG_ANALYZER_NONNULL = YES;
				CLANG_ANALYZER_NUMBER_OBJECT_CONVERSION = YES_AGGRESSIVE;
				CLANG_CXX_LANGUAGE_STANDARD = "gnu++14";
				CLANG_CXX_LIBRARY = "libc++";
				CLANG_ENABLE_MODULES = YES;
				CLANG_ENABLE_OBJC_ARC = YES;
				CLANG_ENABLE_OBJC_WEAK = YES;
				CLANG_WARN_BLOCK_CAPTURE_AUTORELEASING = YES;
				CLANG_WARN_BOOL_CONVERSION = YES;
				CLANG_WARN_COMMA = YES;
				CLANG_WARN_CONSTANT_CONVERSION = YES;
				CLANG_WARN_DEPRECATED_OBJC_IMPLEMENTATIONS = YES;
				CLANG_WARN_DIRECT_OBJC_ISA_USAGE = YES_ERROR;
				CLANG_WARN_DOCUMENTATION_COMMENTS = YES;
				CLANG_WARN_EMPTY_BODY = YES;
				CLANG_WARN_ENUM_CONVERSION = YES;
				CLANG_WARN_INFINITE_RECURSION = YES;
				CLANG_WARN_INT_CONVERSION = YES;
				CLANG_WARN_NON_LITERAL_NULL_CONVERSION = YES;
				CLANG_WARN_OBJC_IMPLICIT_RETAIN_SELF = YES;
				CLANG_WARN_OBJC_LITERAL_CONVERSION = YES;
				CLANG_WARN_OBJC_ROOT_CLASS = YES_ERROR;
				CLANG_WARN_RANGE_LOOP_ANALYSIS = YES;
				CLANG_WARN_STRICT_PROTOTYPES = YES;
				CLANG_WARN_SUSPICIOUS_MOVE = YES;
				CLANG_WARN_UNGUARDED_AVAILABILITY = YES_AGGRESSIVE;
				CLANG_WARN_UNREACHABLE_CODE = YES;
				CLANG_WARN__DUPLICATE_METHOD_MATCH = YES;
				CODE_SIGN_IDENTITY = "iPhone Developer";
				COPY_PHASE_STRIP = NO;
				DEBUG_INFORMATION_FORMAT = "dwarf-with-dsym";
				ENABLE_NS_ASSERTIONS = NO;
				ENABLE_STRICT_OBJC_MSGSEND = YES;
				GCC_C_LANGUAGE_STANDARD = gnu11;
				GCC_NO_COMMON_BLOCKS = YES;
				GCC_WARN_64_TO_32_BIT_CONVERSION = YES;
				GCC_WARN_ABOUT_RETURN_TYPE = YES_ERROR;
				GCC_WARN_UNDECLARED_SELECTOR = YES;
				GCC_WARN_UNINITIALIZED_AUTOS = YES_AGGRESSIVE;
				GCC_WARN_UNUSED_FUNCTION = YES;
				GCC_WARN_UNUSED_VARIABLE = YES;
				IPHONEOS_DEPLOYMENT_TARGET = 12.2;
				MTL_ENABLE_DEBUG_INFO = NO;
				MTL_FAST_MATH = YES;
				SDKROOT = iphoneos;
				VALIDATE_PRODUCT = YES;
			};
			name = Release;
		};
		035B3D93225D74AE001AB576 /* Debug */ = {
			isa = XCBuildConfiguration;
			buildSettings = {
				ASSETCATALOG_COMPILER_APPICON_NAME = AppIcon;
				CODE_SIGN_IDENTITY = "iPhone Developer";
				CODE_SIGN_STYLE = Automatic;
				DEVELOPMENT_TEAM = 6TA982FFLF;
				FRAMEWORK_SEARCH_PATHS = (
					"$(inherited)",
					"$(PROJECT_DIR)/Carthage/Build/iOS",
				);
				INFOPLIST_FILE = "Planner Pet/Info.plist";
				IPHONEOS_DEPLOYMENT_TARGET = 11.0;
				LD_RUNPATH_SEARCH_PATHS = (
					"$(inherited)",
					"@executable_path/Frameworks",
				);
				PRODUCT_BUNDLE_IDENTIFIER = "nyu.edu.Planner-Pet-b";
				PRODUCT_NAME = "$(TARGET_NAME)";
				PROVISIONING_PROFILE_SPECIFIER = "";
				TARGETED_DEVICE_FAMILY = "1,2";
			};
			name = Debug;
		};
		035B3D94225D74AE001AB576 /* Release */ = {
			isa = XCBuildConfiguration;
			buildSettings = {
				ASSETCATALOG_COMPILER_APPICON_NAME = AppIcon;
				CODE_SIGN_IDENTITY = "iPhone Developer";
				CODE_SIGN_STYLE = Automatic;
				DEVELOPMENT_TEAM = 6TA982FFLF;
				FRAMEWORK_SEARCH_PATHS = (
					"$(inherited)",
					"$(PROJECT_DIR)/Carthage/Build/iOS",
				);
				INFOPLIST_FILE = "Planner Pet/Info.plist";
				IPHONEOS_DEPLOYMENT_TARGET = 11.0;
				LD_RUNPATH_SEARCH_PATHS = (
					"$(inherited)",
					"@executable_path/Frameworks",
				);
				PRODUCT_BUNDLE_IDENTIFIER = "nyu.edu.Planner-Pet-b";
				PRODUCT_NAME = "$(TARGET_NAME)";
				PROVISIONING_PROFILE_SPECIFIER = "";
				TARGETED_DEVICE_FAMILY = "1,2";
			};
			name = Release;
		};
		035B3D96225D74AE001AB576 /* Debug */ = {
			isa = XCBuildConfiguration;
			buildSettings = {
				BUNDLE_LOADER = "$(TEST_HOST)";
				CODE_SIGN_STYLE = Manual;
				DEVELOPMENT_TEAM = 6TA982FFLF;
				INFOPLIST_FILE = "Planner PetTests/Info.plist";
				IPHONEOS_DEPLOYMENT_TARGET = 11.0;
				LD_RUNPATH_SEARCH_PATHS = (
					"$(inherited)",
					"@executable_path/Frameworks",
					"@loader_path/Frameworks",
				);
				PRODUCT_BUNDLE_IDENTIFIER = "nyu.edu.Planner-PetTests";
				PRODUCT_NAME = "$(TARGET_NAME)";
				PROVISIONING_PROFILE_SPECIFIER = "";
				TARGETED_DEVICE_FAMILY = "1,2";
				TEST_HOST = "$(BUILT_PRODUCTS_DIR)/Planner Pet.app/Planner Pet";
			};
			name = Debug;
		};
		035B3D97225D74AE001AB576 /* Release */ = {
			isa = XCBuildConfiguration;
			buildSettings = {
				BUNDLE_LOADER = "$(TEST_HOST)";
				CODE_SIGN_STYLE = Manual;
				DEVELOPMENT_TEAM = 6TA982FFLF;
				INFOPLIST_FILE = "Planner PetTests/Info.plist";
				IPHONEOS_DEPLOYMENT_TARGET = 11.0;
				LD_RUNPATH_SEARCH_PATHS = (
					"$(inherited)",
					"@executable_path/Frameworks",
					"@loader_path/Frameworks",
				);
				PRODUCT_BUNDLE_IDENTIFIER = "nyu.edu.Planner-PetTests";
				PRODUCT_NAME = "$(TARGET_NAME)";
				PROVISIONING_PROFILE_SPECIFIER = "";
				TARGETED_DEVICE_FAMILY = "1,2";
				TEST_HOST = "$(BUILT_PRODUCTS_DIR)/Planner Pet.app/Planner Pet";
			};
			name = Release;
		};
		035B3D99225D74AE001AB576 /* Debug */ = {
			isa = XCBuildConfiguration;
			buildSettings = {
				CODE_SIGN_STYLE = Automatic;
				DEVELOPMENT_TEAM = 6TA982FFLF;
				INFOPLIST_FILE = "Planner PetUITests/Info.plist";
				IPHONEOS_DEPLOYMENT_TARGET = 11.0;
				LD_RUNPATH_SEARCH_PATHS = (
					"$(inherited)",
					"@executable_path/Frameworks",
					"@loader_path/Frameworks",
				);
				PRODUCT_BUNDLE_IDENTIFIER = "nyu.edu.Planner-PetUITests";
				PRODUCT_NAME = "$(TARGET_NAME)";
				TARGETED_DEVICE_FAMILY = "1,2";
				TEST_TARGET_NAME = "Planner Pet";
			};
			name = Debug;
		};
		035B3D9A225D74AE001AB576 /* Release */ = {
			isa = XCBuildConfiguration;
			buildSettings = {
				CODE_SIGN_STYLE = Automatic;
				DEVELOPMENT_TEAM = 6TA982FFLF;
				INFOPLIST_FILE = "Planner PetUITests/Info.plist";
				IPHONEOS_DEPLOYMENT_TARGET = 11.0;
				LD_RUNPATH_SEARCH_PATHS = (
					"$(inherited)",
					"@executable_path/Frameworks",
					"@loader_path/Frameworks",
				);
				PRODUCT_BUNDLE_IDENTIFIER = "nyu.edu.Planner-PetUITests";
				PRODUCT_NAME = "$(TARGET_NAME)";
				TARGETED_DEVICE_FAMILY = "1,2";
				TEST_TARGET_NAME = "Planner Pet";
			};
			name = Release;
		};
/* End XCBuildConfiguration section */

/* Begin XCConfigurationList section */
		035B3D61225D74AB001AB576 /* Build configuration list for PBXProject "Planner Pet" */ = {
			isa = XCConfigurationList;
			buildConfigurations = (
				035B3D90225D74AE001AB576 /* Debug */,
				035B3D91225D74AE001AB576 /* Release */,
			);
			defaultConfigurationIsVisible = 0;
			defaultConfigurationName = Release;
		};
		035B3D92225D74AE001AB576 /* Build configuration list for PBXNativeTarget "Planner Pet" */ = {
			isa = XCConfigurationList;
			buildConfigurations = (
				035B3D93225D74AE001AB576 /* Debug */,
				035B3D94225D74AE001AB576 /* Release */,
			);
			defaultConfigurationIsVisible = 0;
			defaultConfigurationName = Release;
		};
		035B3D95225D74AE001AB576 /* Build configuration list for PBXNativeTarget "Planner PetTests" */ = {
			isa = XCConfigurationList;
			buildConfigurations = (
				035B3D96225D74AE001AB576 /* Debug */,
				035B3D97225D74AE001AB576 /* Release */,
			);
			defaultConfigurationIsVisible = 0;
			defaultConfigurationName = Release;
		};
		035B3D98225D74AE001AB576 /* Build configuration list for PBXNativeTarget "Planner PetUITests" */ = {
			isa = XCConfigurationList;
			buildConfigurations = (
				035B3D99225D74AE001AB576 /* Debug */,
				035B3D9A225D74AE001AB576 /* Release */,
			);
			defaultConfigurationIsVisible = 0;
			defaultConfigurationName = Release;
		};
/* End XCConfigurationList section */

/* Begin XCVersionGroup section */
		4630921722614BBA00CAC5B2 /* Model.xcdatamodeld */ = {
			isa = XCVersionGroup;
			children = (
				4630921822614BBA00CAC5B2 /* Model.xcdatamodel */,
			);
			currentVersion = 4630921822614BBA00CAC5B2 /* Model.xcdatamodel */;
			path = Model.xcdatamodeld;
			sourceTree = "<group>";
			versionGroupType = wrapper.xcdatamodel;
		};
/* End XCVersionGroup section */
	};
	rootObject = 035B3D5E225D74AB001AB576 /* Project object */;
}
